
Microsoft Visual Studio Solution File, Format Version 12.00
# Visual Studio 2012
Project("{FAE04EC0-301F-11D3-BF4B-00C04F79EFBC}") = "TempMon", "TempMon\TempMon.csproj", "{1070B575-4C06-4CCE-961F-014E83CBEED7}"
EndProject
Global
	GlobalSection(SolutionConfigurationPlatforms) = preSolution
		Debug|Any CPU = Debug|Any CPU
		Release|Any CPU = Release|Any CPU
	EndGlobalSection
	GlobalSection(ProjectConfigurationPlatforms) = postSolution
		{1070B575-4C06-4CCE-961F-014E83CBEED7}.Debug|Any CPU.ActiveCfg = Debug|Any CPU
		{1070B575-4C06-4CCE-961F-014E83CBEED7}.Debug|Any CPU.Build.0 = Debug|Any CPU
		{1070B575-4C06-4CCE-961F-014E83CBEED7}.Release|Any CPU.ActiveCfg = Release|Any CPU
		{1070B575-4C06-4CCE-961F-014E83CBEED7}.Release|Any CPU.Build.0 = Release|Any CPU
	EndGlobalSection
	GlobalSection(SolutionProperties) = preSolution
		HideSolutionNode = FALSE
	EndGlobalSection
EndGlobal
